<?xml version="1.0" encoding="utf-8"?>
<Project xmlns="http://schemas.microsoft.com/developer/msbuild/2003">
  <ItemGroup>
    <Filter Include="Generated Files">
      <UniqueIdentifier>{71ED8ED8-ACB9-4CE9-BBE1-E00B30144E11}</UniqueIdentifier>
      <Extensions>cpp;c;cxx;moc;h;def;odl;idl;res;</Extensions>
    </Filter>
    <Filter Include="Generated Files">
      <UniqueIdentifier>{71ED8ED8-ACB9-4CE9-BBE1-E00B30144E11}</UniqueIdentifier>
      <Extensions>cpp;c;cxx;moc;h;def;odl;idl;res;</Extensions>
    </Filter>
    <Filter Include="Header Files">
      <UniqueIdentifier>{93995380-89BD-4b04-88EB-625FBE52EBFB}</UniqueIdentifier>
      <Extensions>h;hpp;hxx;hm;inl;inc;xsd</Extensions>
    </Filter>
    <Filter Include="Header Files">
      <UniqueIdentifier>{93995380-89BD-4b04-88EB-625FBE52EBFB}</UniqueIdentifier>
      <Extensions>h;hpp;hxx;hm;inl;inc;xsd</Extensions>
    </Filter>
    <Filter Include="Source Files">
      <UniqueIdentifier>{4FC737F1-C7A5-4376-A066-2A32D752A2FF}</UniqueIdentifier>
      <Extensions>cpp;c;cxx;def;odl;idl;hpj;bat;asm;asmx</Extensions>
    </Filter>
    <Filter Include="Source Files">
      <UniqueIdentifier>{4FC737F1-C7A5-4376-A066-2A32D752A2FF}</UniqueIdentifier>
      <Extensions>cpp;c;cxx;def;odl;idl;hpj;bat;asm;asmx</Extensions>
    </Filter>
  </ItemGroup>
  <ItemGroup>
    <ClCompile Include="..\GraphicusSources\Canevas.cpp">
      <Filter>Source Files</Filter>
    </ClCompile>
    <ClCompile Include="..\GraphicusSources\Carre.cpp">
      <Filter>Source Files</Filter>
    </ClCompile>
    <ClCompile Include="..\GraphicusSources\Cercle.cpp">
      <Filter>Source Files</Filter>
    </ClCompile>
    <ClCompile Include="..\GraphicusSources\Couche.cpp">
      <Filter>Source Files</Filter>
    </ClCompile>
    <ClCompile Include="..\GraphicusSources\Rectangle.cpp">
      <Filter>Source Files</Filter>
    </ClCompile>
    <ClCompile Include="..\GraphicusSources\Vecteur.cpp">
      <Filter>Source Files</Filter>
    </ClCompile>
    <ClCompile Include="..\GraphicusSources\forme.cpp">
      <Filter>Source Files</Filter>
    </ClCompile>
    <ClCompile Include="monInterface.cpp">
      <Filter>Source Files</Filter>
    </ClCompile>
    <ClCompile Include="..\GraphicusSources\resultatCouleur.cpp">
      <Filter>Source Files</Filter>
    </ClCompile>
    <ClCompile Include="testGraphicusGUI.cpp">
      <Filter>Source Files</Filter>
    </ClCompile>
    <ClCompile Include="..\GraphicusSources\tests.cpp">
      <Filter>Source Files</Filter>
    </ClCompile>
  </ItemGroup>
  <ItemGroup>
    <ClInclude Include="..\GraphicusSources\Canevas.h">
      <Filter>Header Files</Filter>
    </ClInclude>
    <ClInclude Include="..\GraphicusSources\Carre.h">
      <Filter>Header Files</Filter>
    </ClInclude>
    <ClInclude Include="..\GraphicusSources\Cercle.h">
      <Filter>Header Files</Filter>
    </ClInclude>
    <ClInclude Include="..\GraphicusSources\Coordonnee.h">
      <Filter>Header Files</Filter>
    </ClInclude>
    <ClInclude Include="..\GraphicusSources\Couche.h">
      <Filter>Header Files</Filter>
    </ClInclude>
    <ClInclude Include="..\GraphicusSources\Rectangle.h">
      <Filter>Header Files</Filter>
    </ClInclude>
    <ClInclude Include="..\GraphicusSources\Vecteur.h">
      <Filter>Header Files</Filter>
    </ClInclude>
    <ClInclude Include="..\GraphicusSources\forme.h">
      <Filter>Header Files</Filter>
    </ClInclude>
    <ClInclude Include="monInterface.h">
      <Filter>Header Files</Filter>
    </ClInclude>
    <ClInclude Include="..\GraphicusSources\resultatCouleur.h">
      <Filter>Header Files</Filter>
    </ClInclude>
    <ClInclude Include="..\GraphicusSources\tests.h">
      <Filter>Header Files</Filter>
    </ClInclude>
  </ItemGroup>
  <ItemGroup>
    <CustomBuild Include="debug\moc_predefs.h.cbt">
      <Filter>Generated Files</Filter>
    </CustomBuild>
    <CustomBuild Include="release\moc_predefs.h.cbt">
      <Filter>Generated Files</Filter>
    </CustomBuild>
  </ItemGroup>
</Project>